// !$*UTF8*$!
{
	archiveVersion = 1;
	classes = {
	};
	objectVersion = 50;
	objects = {

/* Begin PBXBuildFile section */
		22350A18221F145500CB8E13 /* AppDelegate.swift in Sources */ = {isa = PBXBuildFile; fileRef = 22350A17221F145500CB8E13 /* AppDelegate.swift */; };
		22350A1A221F145500CB8E13 /* ViewController.swift in Sources */ = {isa = PBXBuildFile; fileRef = 22350A19221F145500CB8E13 /* ViewController.swift */; };
		22350A1D221F145500CB8E13 /* Main.storyboard in Resources */ = {isa = PBXBuildFile; fileRef = 22350A1B221F145500CB8E13 /* Main.storyboard */; };
		22350A1F221F145600CB8E13 /* Assets.xcassets in Resources */ = {isa = PBXBuildFile; fileRef = 22350A1E221F145600CB8E13 /* Assets.xcassets */; };
		22350A22221F145600CB8E13 /* LaunchScreen.storyboard in Resources */ = {isa = PBXBuildFile; fileRef = 22350A20221F145600CB8E13 /* LaunchScreen.storyboard */; };
		22350A2A221F1E0E00CB8E13 /* ConstraintViewController.swift in Sources */ = {isa = PBXBuildFile; fileRef = 22350A29221F1E0E00CB8E13 /* ConstraintViewController.swift */; };
		22350A2C221F244C00CB8E13 /* Constraints2ViewController.swift in Sources */ = {isa = PBXBuildFile; fileRef = 22350A2B221F244C00CB8E13 /* Constraints2ViewController.swift */; };
/* End PBXBuildFile section */

/* Begin PBXFileReference section */
		22350A14221F145500CB8E13 /* Tuber.app */ = {isa = PBXFileReference; explicitFileType = wrapper.application; includeInIndex = 0; path = Tuber.app; sourceTree = BUILT_PRODUCTS_DIR; };
		22350A17221F145500CB8E13 /* AppDelegate.swift */ = {isa = PBXFileReference; lastKnownFileType = sourcecode.swift; path = AppDelegate.swift; sourceTree = "<group>"; };
		22350A19221F145500CB8E13 /* ViewController.swift */ = {isa = PBXFileReference; lastKnownFileType = sourcecode.swift; path = ViewController.swift; sourceTree = "<group>"; };
		22350A1C221F145500CB8E13 /* Base */ = {isa = PBXFileReference; lastKnownFileType = file.storyboard; name = Base; path = Base.lproj/Main.storyboard; sourceTree = "<group>"; };
		22350A1E221F145600CB8E13 /* Assets.xcassets */ = {isa = PBXFileReference; lastKnownFileType = folder.assetcatalog; path = Assets.xcassets; sourceTree = "<group>"; };
		22350A21221F145600CB8E13 /* Base */ = {isa = PBXFileReference; lastKnownFileType = file.storyboard; name = Base; path = Base.lproj/LaunchScreen.storyboard; sourceTree = "<group>"; };
		22350A23221F145600CB8E13 /* Info.plist */ = {isa = PBXFileReference; lastKnownFileType = text.plist.xml; path = Info.plist; sourceTree = "<group>"; };
		22350A29221F1E0E00CB8E13 /* ConstraintViewController.swift */ = {isa = PBXFileReference; lastKnownFileType = sourcecode.swift; path = ConstraintViewController.swift; sourceTree = "<group>"; };
		22350A2B221F244C00CB8E13 /* Constraints2ViewController.swift */ = {isa = PBXFileReference; lastKnownFileType = sourcecode.swift; path = Constraints2ViewController.swift; sourceTree = "<group>"; };
/* End PBXFileReference section */

/* Begin PBXFrameworksBuildPhase section */
		22350A11221F145500CB8E13 /* Frameworks */ = {
			isa = PBXFrameworksBuildPhase;
			buildActionMask = 2147483647;
			files = (
			);
			runOnlyForDeploymentPostprocessing = 0;
		};
/* End PBXFrameworksBuildPhase section */

/* Begin PBXGroup section */
		22350A0B221F145500CB8E13 = {
			isa = PBXGroup;
			children = (
				22350A16221F145500CB8E13 /* Tuber */,
				22350A15221F145500CB8E13 /* Products */,
			);
			sourceTree = "<group>";
		};
		22350A15221F145500CB8E13 /* Products */ = {
			isa = PBXGroup;
			children = (
				22350A14221F145500CB8E13 /* Tuber.app */,
			);
			name = Products;
			sourceTree = "<group>";
		};
		22350A16221F145500CB8E13 /* Tuber */ = {
			isa = PBXGroup;
			children = (
				22350A17221F145500CB8E13 /* AppDelegate.swift */,
				22350A19221F145500CB8E13 /* ViewController.swift */,
				22350A29221F1E0E00CB8E13 /* ConstraintViewController.swift */,
				22350A2B221F244C00CB8E13 /* Constraints2ViewController.swift */,
				22350A1B221F145500CB8E13 /* Main.storyboard */,
				22350A1E221F145600CB8E13 /* Assets.xcassets */,
				22350A20221F145600CB8E13 /* LaunchScreen.storyboard */,
				22350A23221F145600CB8E13 /* Info.plist */,
			);
			path = Tuber;
			sourceTree = "<group>";
		};
/* End PBXGroup section */

/* Begin PBXNativeTarget section */
		22350A13221F145500CB8E13 /* Tuber */ = {
			isa = PBXNativeTarget;
			buildConfigurationList = 22350A26221F145600CB8E13 /* Build configuration list for PBXNativeTarget "Tuber" */;
			buildPhases = (
				22350A10221F145500CB8E13 /* Sources */,
				22350A11221F145500CB8E13 /* Frameworks */,
				22350A12221F145500CB8E13 /* Resources */,
			);
			buildRules = (
			);
			dependencies = (
			);
			name = Tuber;
			productName = Tuber;
			productReference = 22350A14221F145500CB8E13 /* Tuber.app */;
			productType = "com.apple.product-type.application";
		};
/* End PBXNativeTarget section */

/* Begin PBXProject section */
		22350A0C221F145500CB8E13 /* Project object */ = {
			isa = PBXProject;
			attributes = {
				LastSwiftUpdateCheck = 1010;
				LastUpgradeCheck = 1010;
				ORGANIZATIONNAME = "meech-ward";
				TargetAttributes = {
					22350A13221F145500CB8E13 = {
						CreatedOnToolsVersion = 10.1;
					};
				};
			};
			buildConfigurationList = 22350A0F221F145500CB8E13 /* Build configuration list for PBXProject "Tuber" */;
			compatibilityVersion = "Xcode 9.3";
			developmentRegion = en;
			hasScannedForEncodings = 0;
			knownRegions = (
				en,
				Base,
			);
			mainGroup = 22350A0B221F145500CB8E13;
			productRefGroup = 22350A15221F145500CB8E13 /* Products */;
			projectDirPath = "";
			projectRoot = "";
			targets = (
				22350A13221F145500CB8E13 /* Tuber */,
			);
		};
/* End PBXProject section */

/* Begin PBXResourcesBuildPhase section */
		22350A12221F145500CB8E13 /* Resources */ = {
			isa = PBXResourcesBuildPhase;
			buildActionMask = 2147483647;
			files = (
				22350A22221F145600CB8E13 /* LaunchScreen.storyboard in Resources */,
				22350A1F221F145600CB8E13 /* Assets.xcassets in Resources */,
				22350A1D221F145500CB8E13 /* Main.storyboard in Resources */,
			);
			runOnlyForDeploymentPostprocessing = 0;
		};
/* End PBXResourcesBuildPhase section */

/* Begin PBXSourcesBuildPhase section */
		22350A10221F145500CB8E13 /* Sources */ = {
			isa = PBXSourcesBuildPhase;
			buildActionMask = 2147483647;
			files = (
				22350A2C221F244C00CB8E13 /* Constraints2ViewController.swift in Sources */,
				22350A2A221F1E0E00CB8E13 /* ConstraintViewController.swift in Sources */,
				22350A1A221F145500CB8E13 /* ViewController.swift in Sources */,
				22350A18221F145500CB8E13 /* AppDelegate.swift in Sources */,
			);
			runOnlyForDeploymentPostprocessing = 0;
		};
/* End PBXSourcesBuildPhase section */

/* Begin PBXVariantGroup section */
		22350A1B221F145500CB8E13 /* Main.storyboard */ = {
			isa = PBXVariantGroup;
			children = (
				22350A1C221F145500CB8E13 /* Base */,
			);
			name = Main.storyboard;
			sourceTree = "<group>";
		};
		22350A20221F145600CB8E13 /* LaunchScreen.storyboard */ = {
			isa = PBXVariantGroup;
			children = (
				22350A21221F145600CB8E13 /* Base */,
			);
			name = LaunchScreen.storyboard;
			sourceTree = "<group>";
		};
/* End PBXVariantGroup section */

/* Begin XCBuildConfiguration section */
		22350A24221F145600CB8E13 /* Debug */ = {
			isa = XCBuildConfiguration;
			buildSettings = {
				ALWAYS_SEARCH_USER_PATHS = NO;
				CLANG_ANALYZER_NONNULL = YES;
				CLANG_ANALYZER_NUMBER_OBJECT_CONVERSION = YES_AGGRESSIVE;
				CLANG_CXX_LANGUAGE_STANDARD = "gnu++14";
				CLANG_CXX_LIBRARY = "libc++";
				CLANG_ENABLE_MODULES = YES;
				CLANG_ENABLE_OBJC_ARC = YES;
				CLANG_ENABLE_OBJC_WEAK = YES;
				CLANG_WARN_BLOCK_CAPTURE_AUTORELEASING = YES;
				CLANG_WARN_BOOL_CONVERSION = YES;
				CLANG_WARN_COMMA = YES;
				CLANG_WARN_CONSTANT_CONVERSION = YES;
				CLANG_WARN_DEPRECATED_OBJC_IMPLEMENTATIONS = YES;
				CLANG_WARN_DIRECT_OBJC_ISA_USAGE = YES_ERROR;
				CLANG_WARN_DOCUMENTATION_COMMENTS = YES;
				CLANG_WARN_EMPTY_BODY = YES;
				CLANG_WARN_ENUM_CONVERSION = YES;
				CLANG_WARN_INFINITE_RECURSION = YES;
				CLANG_WARN_INT_CONVERSION = YES;
				CLANG_WARN_NON_LITERAL_NULL_CONVERSION = YES;
				CLANG_WARN_OBJC_IMPLICIT_RETAIN_SELF = YES;
				CLANG_WARN_OBJC_LITERAL_CONVERSION = YES;
				CLANG_WARN_OBJC_ROOT_CLASS = YES_ERROR;
				CLANG_WARN_RANGE_LOOP_ANALYSIS = YES;
				CLANG_WARN_STRICT_PROTOTYPES = YES;
				CLANG_WARN_SUSPICIOUS_MOVE = YES;
				CLANG_WARN_UNGUARDED_AVAILABILITY = YES_AGGRESSIVE;
				CLANG_WARN_UNREACHABLE_CODE = YES;
				CLANG_WARN__DUPLICATE_METHOD_MATCH = YES;
				CODE_SIGN_IDENTITY = "iPhone Developer";
				COPY_PHASE_STRIP = NO;
				DEBUG_INFORMATION_FORMAT = dwarf;
				ENABLE_STRICT_OBJC_MSGSEND = YES;
				ENABLE_TESTABILITY = YES;
				GCC_C_LANGUAGE_STANDARD = gnu11;
				GCC_DYNAMIC_NO_PIC = NO;
				GCC_NO_COMMON_BLOCKS = YES;
				GCC_OPTIMIZATION_LEVEL = 0;
				GCC_PREPROCESSOR_DEFINITIONS = (
					"DEBUG=1",
					"$(inherited)",
				);
				GCC_WARN_64_TO_32_BIT_CONVERSION = YES;
				GCC_WARN_ABOUT_RETURN_TYPE = YES_ERROR;
				GCC_WARN_UNDECLARED_SELECTOR = YES;
				GCC_WARN_UNINITIALIZED_AUTOS = YES_AGGRESSIVE;
				GCC_WARN_UNUSED_FUNCTION = YES;
				GCC_WARN_UNUSED_VARIABLE = YES;
				IPHONEOS_DEPLOYMENT_TARGET = 12.1;
				MTL_ENABLE_DEBUG_INFO = INCLUDE_SOURCE;
				MTL_FAST_MATH = YES;
				ONLY_ACTIVE_ARCH = YES;
				SDKROOT = iphoneos;
				SWIFT_ACTIVE_COMPILATION_CONDITIONS = DEBUG;
				SWIFT_OPTIMIZATION_LEVEL = "-Onone";
			};
			name = Debug;
		};
		22350A25221F145600CB8E13 /* Release */ = {
			isa = XCBuildConfiguration;
			buildSettings = {
				ALWAYS_SEARCH_USER_PATHS = NO;
				CLANG_ANALYZER_NONNULL = YES;
				CLANG_ANALYZER_NUMBER_OBJECT_CONVERSION = YES_AGGRESSIVE;
				CLANG_CXX_LANGUAGE_STANDARD = "gnu++14";
				CLANG_CXX_LIBRARY = "libc++";
				CLANG_ENABLE_MODULES = YES;
				CLANG_ENABLE_OBJC_ARC = YES;
				CLANG_ENABLE_OBJC_WEAK = YES;
				CLANG_WARN_BLOCK_CAPTURE_AUTORELEASING = YES;
				CLANG_WARN_BOOL_CONVERSION = YES;
				CLANG_WARN_COMMA = YES;
				CLANG_WARN_CONSTANT_CONVERSION = YES;
				CLANG_WARN_DEPRECATED_OBJC_IMPLEMENTATIONS = YES;
				CLANG_WARN_DIRECT_OBJC_ISA_USAGE = YES_ERROR;
				CLANG_WARN_DOCUMENTATION_COMMENTS = YES;
				CLANG_WARN_EMPTY_BODY = YES;
				CLANG_WARN_ENUM_CONVERSION = YES;
				CLANG_WARN_INFINITE_RECURSION = YES;
				CLANG_WARN_INT_CONVERSION = YES;
				CLANG_WARN_NON_LITERAL_NULL_CONVERSION = YES;
				CLANG_WARN_OBJC_IMPLICIT_RETAIN_SELF = YES;
				CLANG_WARN_OBJC_LITERAL_CONVERSION = YES;
				CLANG_WARN_OBJC_ROOT_CLASS = YES_ERROR;
				CLANG_WARN_RANGE_LOOP_ANALYSIS = YES;
				CLANG_WARN_STRICT_PROTOTYPES = YES;
				CLANG_WARN_SUSPICIOUS_MOVE = YES;
				CLANG_WARN_UNGUARDED_AVAILABILITY = YES_AGGRESSIVE;
				CLANG_WARN_UNREACHABLE_CODE = YES;
				CLANG_WARN__DUPLICATE_METHOD_MATCH = YES;
				CODE_SIGN_IDENTITY = "iPhone Developer";
				COPY_PHASE_STRIP = NO;
				DEBUG_INFORMATION_FORMAT = "dwarf-with-dsym";
				ENABLE_NS_ASSERTIONS = NO;
				ENABLE_STRICT_OBJC_MSGSEND = YES;
				GCC_C_LANGUAGE_STANDARD = gnu11;
				GCC_NO_COMMON_BLOCKS = YES;
				GCC_WARN_64_TO_32_BIT_CONVERSION = YES;
				GCC_WARN_ABOUT_RETURN_TYPE = YES_ERROR;
				GCC_WARN_UNDECLARED_SELECTOR = YES;
				GCC_WARN_UNINITIALIZED_AUTOS = YES_AGGRESSIVE;
				GCC_WARN_UNUSED_FUNCTION = YES;
				GCC_WARN_UNUSED_VARIABLE = YES;
				IPHONEOS_DEPLOYMENT_TARGET = 12.1;
				MTL_ENABLE_DEBUG_INFO = NO;
				MTL_FAST_MATH = YES;
				SDKROOT = iphoneos;
				SWIFT_COMPILATION_MODE = wholemodule;
				SWIFT_OPTIMIZATION_LEVEL = "-O";
				VALIDATE_PRODUCT = YES;
			};
			name = Release;
		};
		22350A27221F145600CB8E13 /* Debug */ = {
			isa = XCBuildConfiguration;
			buildSettings = {
				ASSETCATALOG_COMPILER_APPICON_NAME = AppIcon;
				CODE_SIGN_STYLE = Automatic;
				DEVELOPMENT_TEAM = 7GT6EK8D4J;
				INFOPLIST_FILE = Tuber/Info.plist;
				LD_RUNPATH_SEARCH_PATHS = (
					"$(inherited)",
					"@executable_path/Frameworks",
				);
				PRODUCT_BUNDLE_IDENTIFIER = "com.meech-ward.Tuber";
				PRODUCT_NAME = "$(TARGET_NAME)";
				SWIFT_VERSION = 4.2;
				TARGETED_DEVICE_FAMILY = "1,2";
			};
			name = Debug;
		};
		22350A28221F145600CB8E13 /* Release */ = {
			isa = XCBuildConfiguration;
			buildSettings = {
				ASSETCATALOG_COMPILER_APPICON_NAME = AppIcon;
				CODE_SIGN_STYLE = Automatic;
				DEVELOPMENT_TEAM = 7GT6EK8D4J;
				INFOPLIST_FILE = Tuber/Info.plist;
				LD_RUNPATH_SEARCH_PATHS = (
					"$(inherited)",
					"@executable_path/Frameworks",
				);
				PRODUCT_BUNDLE_IDENTIFIER = "com.meech-ward.Tuber";
				PRODUCT_NAME = "$(TARGET_NAME)";
				SWIFT_VERSION = 4.2;
				TARGETED_DEVICE_FAMILY = "1,2";
			};
			name = Release;
		};
/* End XCBuildConfiguration section */

/* Begin XCConfigurationList section */
		22350A0F221F145500CB8E13 /* Build configuration list for PBXProject "Tuber" */ = {
			isa = XCConfigurationList;
			buildConfigurations = (
				22350A24221F145600CB8E13 /* Debug */,
				22350A25221F145600CB8E13 /* Release */,
			);
			defaultConfigurationIsVisible = 0;
			defaultConfigurationName = Release;
		};
		22350A26221F145600CB8E13 /* Build configuration list for PBXNativeTarget "Tuber" */ = {
			isa = XCConfigurationList;
			buildConfigurations = (
				22350A27221F145600CB8E13 /* Debug */,
				22350A28221F145600CB8E13 /* Release */,
			);
			defaultConfigurationIsVisible = 0;
			defaultConfigurationName = Release;
		};
/* End XCConfigurationList section */
	};
	rootObject = 22350A0C221F145500CB8E13 /* Project object */;
}
